
Microsoft Visual Studio Solution File, Format Version 12.00
# Visual Studio 14
VisualStudioVersion = 14.0.23107.0
MinimumVisualStudioVersion = 10.0.40219.1
Project("{FAE04EC0-301F-11D3-BF4B-00C04F79EFBC}") = "Bop.PosChunker", "Bop.PosChunker\Bop.PosChunker.csproj", "{80D6556C-6205-4270-9834-9ADC647B5342}"
EndProject
Project("{FAE04EC0-301F-11D3-BF4B-00C04F79EFBC}") = "Bop.PosChunker.Tests", "Bop.PosChunker.Tests\Bop.PosChunker.Tests.csproj", "{E25E3D38-1332-474F-9093-CD079AC42F57}"
EndProject
Global
	GlobalSection(SolutionConfigurationPlatforms) = preSolution
		Debug|Any CPU = Debug|Any CPU
		Release|Any CPU = Release|Any CPU
	EndGlobalSection
	GlobalSection(ProjectConfigurationPlatforms) = postSolution
		{80D6556C-6205-4270-9834-9ADC647B5342}.Debug|Any CPU.ActiveCfg = Debug|Any CPU
		{80D6556C-6205-4270-9834-9ADC647B5342}.Debug|Any CPU.Build.0 = Debug|Any CPU
		{80D6556C-6205-4270-9834-9ADC647B5342}.Release|Any CPU.ActiveCfg = Release|Any CPU
		{80D6556C-6205-4270-9834-9ADC647B5342}.Release|Any CPU.Build.0 = Release|Any CPU
		{E25E3D38-1332-474F-9093-CD079AC42F57}.Debug|Any CPU.ActiveCfg = Debug|Any CPU
		{E25E3D38-1332-474F-9093-CD079AC42F57}.Debug|Any CPU.Build.0 = Debug|Any CPU
		{E25E3D38-1332-474F-9093-CD079AC42F57}.Release|Any CPU.ActiveCfg = Release|Any CPU
		{E25E3D38-1332-474F-9093-CD079AC42F57}.Release|Any CPU.Build.0 = Release|Any CPU
	EndGlobalSection
	GlobalSection(SolutionProperties) = preSolution
		HideSolutionNode = FALSE
	EndGlobalSection
EndGlobal
